{
  "nodes": {
    "nixos-hardware": {
      "locked": {
        "lastModified": 1729742320,
        "narHash": "sha256-u3Of8xRkN//me8PU+RucKA59/6RNy4B2jcGAF36P4jI=",
        "owner": "NixOS",
        "repo": "nixos-hardware",
        "rev": "e8a2f6d5513fe7b7d15701b2d05404ffdc3b6dda",
        "type": "github"
      },
      "original": {
        "id": "nixos-hardware",
        "type": "indirect"
      }
    },
    "nixpkgs": {
      "locked": {
        "lastModified": 0,
        "narHash": "sha256-1Lex9oaQqORopUl5a2Nm0T+PcWhTV4qJMWyHGB5/q8U=",
        "path": "/nix/store/418w0cy4fg3izi0wwpvbk70bgq2x7fh6-source",
        "type": "path"
      },
      "original": {
        "id": "nixpkgs",
        "type": "indirect"
      }
    },
    "root": {
      "inputs": {
        "nixos-hardware": "nixos-hardware",
        "nixpkgs": "nixpkgs"
      }
    }
  },
  "root": "root",
  "version": 7
}
