{
  "nodes": {
    "home-manager": {
      "inputs": {
        "nixpkgs": [
          "nixpkgs"
        ]
      },
      "locked": {
        "lastModified": 1742996658,
        "narHash": "sha256-snxgTLVq6ooaD3W3mPHu7LVWpoZKczhxHAUZy2ea4oA=",
        "owner": "nix-community",
        "repo": "home-manager",
        "rev": "693840c01b9bef9e54100239cef937e53d4661bf",
        "type": "github"
      },
      "original": {
        "owner": "nix-community",
        "repo": "home-manager",
        "type": "github"
      }
    },
    "nix-darwin": {
      "inputs": {
        "nixpkgs": [
          "nixpkgs"
        ]
      },
      "locked": {
        "lastModified": 1742869675,
        "narHash": "sha256-rgwUZJZVztaNYPTsf6MIqirPL5r2JTMMyHuzk1ezyYk=",
        "owner": "LnL7",
        "repo": "nix-darwin",
        "rev": "bb81755a3674951724d79b8cba6bbff01409d44d",
        "type": "github"
      },
      "original": {
        "owner": "LnL7",
        "repo": "nix-darwin",
        "type": "github"
      }
    },
    "nixos-hardware": {
      "locked": {
        "lastModified": 1742806253,
        "narHash": "sha256-zvQ4GsCJT6MTOzPKLmlFyM+lxo0JGQ0cSFaZSACmWfY=",
        "owner": "NixOS",
        "repo": "nixos-hardware",
        "rev": "ecaa2d911e77c265c2a5bac8b583c40b0f151726",
        "type": "github"
      },
      "original": {
        "owner": "NixOS",
        "repo": "nixos-hardware",
        "type": "github"
      }
    },
    "nixpkgs": {
      "locked": {
        "lastModified": 1743027284,
        "narHash": "sha256-VGMURUak+D5LPZvcm+BFW1mZ6eR0aFq5eRzVCJ0kGPM=",
        "owner": "NixOS",
        "repo": "nixpkgs",
        "rev": "97804d445ca0285d6abcf9d7d91586ed1b311f1a",
        "type": "github"
      },
      "original": {
        "owner": "NixOS",
        "repo": "nixpkgs",
        "type": "github"
      }
    },
    "root": {
      "inputs": {
        "home-manager": "home-manager",
        "nix-darwin": "nix-darwin",
        "nixos-hardware": "nixos-hardware",
        "nixpkgs": "nixpkgs"
      }
    }
  },
  "root": "root",
  "version": 7
}
